
Microsoft Visual Studio Solution File, Format Version 12.00
# Visual Studio Version 17
VisualStudioVersion = 17.8.34112.27
MinimumVisualStudioVersion = 10.0.40219.1
Project("{9A19103F-16F7-4668-BE54-9A1E7A4F7556}") = "Abraham.MQTTClient", "Abraham.MQTTClient\Abraham.MQTTClient.csproj", "{5F226F2B-31F3-4ED8-ABBA-4FCF10FE5DF3}"
EndProject
Project("{9A19103F-16F7-4668-BE54-9A1E7A4F7556}") = "PublishDemo", "PublishDemo\PublishDemo.csproj", "{B3E8FAB7-F1D0-4A05-969B-372357A872EB}"
EndProject
Project("{9A19103F-16F7-4668-BE54-9A1E7A4F7556}") = "SubscribeDemo", "SubscribeDemo\SubscribeDemo.csproj", "{85EE59AC-01B4-460B-B6C8-253ADCF02D13}"
EndProject
Project("{2150E333-8FDC-42A3-9474-1A3956D46DE8}") = "1 Nuget Package", "1 Nuget Package", "{D3A3A4F6-A419-47BC-81B9-8E202B12CEFF}"
EndProject
Project("{2150E333-8FDC-42A3-9474-1A3956D46DE8}") = "2 Demos", "2 Demos", "{32134540-5D0E-4D2B-A88B-24475BD1B9AA}"
EndProject
Project("{2150E333-8FDC-42A3-9474-1A3956D46DE8}") = "4 Solution items", "4 Solution items", "{14A354F4-89BA-4A94-AB8A-2C3F8C81CCB1}"
	ProjectSection(SolutionItems) = preProject
		Ciridata.ico = Ciridata.ico
		Ciridata.png = Ciridata.png
		LICENSE.txt = LICENSE.txt
		README.md = README.md
	EndProjectSection
EndProject
Project("{2150E333-8FDC-42A3-9474-1A3956D46DE8}") = "3 Screenshots", "3 Screenshots", "{74920173-B980-4958-BAD9-799F137FACF3}"
	ProjectSection(SolutionItems) = preProject
		Screenshots\screenshot1.jpg = Screenshots\screenshot1.jpg
		Screenshots\screenshot2.jpg = Screenshots\screenshot2.jpg
		Screenshots\screenshot3.jpg = Screenshots\screenshot3.jpg
	EndProjectSection
EndProject
Global
	GlobalSection(SolutionConfigurationPlatforms) = preSolution
		Debug|Any CPU = Debug|Any CPU
		Release|Any CPU = Release|Any CPU
	EndGlobalSection
	GlobalSection(ProjectConfigurationPlatforms) = postSolution
		{5F226F2B-31F3-4ED8-ABBA-4FCF10FE5DF3}.Debug|Any CPU.ActiveCfg = Debug|Any CPU
		{5F226F2B-31F3-4ED8-ABBA-4FCF10FE5DF3}.Debug|Any CPU.Build.0 = Debug|Any CPU
		{5F226F2B-31F3-4ED8-ABBA-4FCF10FE5DF3}.Release|Any CPU.ActiveCfg = Release|Any CPU
		{5F226F2B-31F3-4ED8-ABBA-4FCF10FE5DF3}.Release|Any CPU.Build.0 = Release|Any CPU
		{B3E8FAB7-F1D0-4A05-969B-372357A872EB}.Debug|Any CPU.ActiveCfg = Debug|Any CPU
		{B3E8FAB7-F1D0-4A05-969B-372357A872EB}.Debug|Any CPU.Build.0 = Debug|Any CPU
		{B3E8FAB7-F1D0-4A05-969B-372357A872EB}.Release|Any CPU.ActiveCfg = Release|Any CPU
		{B3E8FAB7-F1D0-4A05-969B-372357A872EB}.Release|Any CPU.Build.0 = Release|Any CPU
		{85EE59AC-01B4-460B-B6C8-253ADCF02D13}.Debug|Any CPU.ActiveCfg = Debug|Any CPU
		{85EE59AC-01B4-460B-B6C8-253ADCF02D13}.Debug|Any CPU.Build.0 = Debug|Any CPU
		{85EE59AC-01B4-460B-B6C8-253ADCF02D13}.Release|Any CPU.ActiveCfg = Release|Any CPU
		{85EE59AC-01B4-460B-B6C8-253ADCF02D13}.Release|Any CPU.Build.0 = Release|Any CPU
	EndGlobalSection
	GlobalSection(SolutionProperties) = preSolution
		HideSolutionNode = FALSE
	EndGlobalSection
	GlobalSection(NestedProjects) = preSolution
		{5F226F2B-31F3-4ED8-ABBA-4FCF10FE5DF3} = {D3A3A4F6-A419-47BC-81B9-8E202B12CEFF}
		{B3E8FAB7-F1D0-4A05-969B-372357A872EB} = {32134540-5D0E-4D2B-A88B-24475BD1B9AA}
		{85EE59AC-01B4-460B-B6C8-253ADCF02D13} = {32134540-5D0E-4D2B-A88B-24475BD1B9AA}
	EndGlobalSection
	GlobalSection(ExtensibilityGlobals) = postSolution
		SolutionGuid = {ADBE1194-9AA3-4654-86AA-F1D9D6ED9AC1}
	EndGlobalSection
EndGlobal
